// !$*UTF8*$!
{
	archiveVersion = 1;
	classes = {
	};
	objectVersion = 46;
	objects = {

/* Begin PBXGroup section */
		0D56693A1EB51D46000C3E39 = {
			isa = PBXGroup;
			children = (
			);
			sourceTree = "<group>";
		};
/* End PBXGroup section */

/* Begin PBXProject section */
		0D56693B1EB51D46000C3E39 /* Project object */ = {
			isa = PBXProject;
			attributes = {
				LastUpgradeCheck = 0830;
			};
			buildConfigurationList = 0D56693E1EB51D46000C3E39 /* Build configuration list for PBXProject "Cetacea-SharedFramework" */;
			compatibilityVersion = "Xcode 3.2";
			developmentRegion = English;
			hasScannedForEncodings = 0;
			knownRegions = (
				en,
			);
			mainGroup = 0D56693A1EB51D46000C3E39;
			projectDirPath = "";
			projectRoot = "";
			targets = (
			);
		};
/* End PBXProject section */

/* Begin XCBuildConfiguration section */
		0D56693F1EB51D46000C3E39 /* Debug */ = {
			isa = XCBuildConfiguration;
			buildSettings = {
			};
			name = Debug;
		};
		0D5669401EB51D46000C3E39 /* Release */ = {
			isa = XCBuildConfiguration;
			buildSettings = {
			};
			name = Release;
		};
/* End XCBuildConfiguration section */

/* Begin XCConfigurationList section */
		0D56693E1EB51D46000C3E39 /* Build configuration list for PBXProject "Cetacea-SharedFramework" */ = {
			isa = XCConfigurationList;
			buildConfigurations = (
				0D56693F1EB51D46000C3E39 /* Debug */,
				0D5669401EB51D46000C3E39 /* Release */,
			);
			defaultConfigurationIsVisible = 0;
			defaultConfigurationName = Release;
		};
/* End XCConfigurationList section */
	};
	rootObject = 0D56693B1EB51D46000C3E39 /* Project object */;
}
